
Microsoft Visual Studio Solution File, Format Version 12.00
# Visual Studio Version 17
VisualStudioVersion = 17.6.33829.357
MinimumVisualStudioVersion = 10.0.40219.1
Project("{FAE04EC0-301F-11D3-BF4B-00C04F79EFBC}") = "Hm_wk_5", "Hm_wk_5\Hm_wk_5.csproj", "{FDAD1EF6-95E8-4A23-AF12-E292660E27D4}"
EndProject
Global
	GlobalSection(SolutionConfigurationPlatforms) = preSolution
		Debug|Any CPU = Debug|Any CPU
		Release|Any CPU = Release|Any CPU
	EndGlobalSection
	GlobalSection(ProjectConfigurationPlatforms) = postSolution
		{FDAD1EF6-95E8-4A23-AF12-E292660E27D4}.Debug|Any CPU.ActiveCfg = Debug|Any CPU
		{FDAD1EF6-95E8-4A23-AF12-E292660E27D4}.Debug|Any CPU.Build.0 = Debug|Any CPU
		{FDAD1EF6-95E8-4A23-AF12-E292660E27D4}.Release|Any CPU.ActiveCfg = Release|Any CPU
		{FDAD1EF6-95E8-4A23-AF12-E292660E27D4}.Release|Any CPU.Build.0 = Release|Any CPU
	EndGlobalSection
	GlobalSection(SolutionProperties) = preSolution
		HideSolutionNode = FALSE
	EndGlobalSection
	GlobalSection(ExtensibilityGlobals) = postSolution
		SolutionGuid = {3D381EFC-E030-4F2E-81AA-552B13ABEB8F}
	EndGlobalSection
EndGlobal
